
Microsoft Visual Studio Solution File, Format Version 12.00
# Visual Studio Version 17
VisualStudioVersion = 17.11.35327.3
MinimumVisualStudioVersion = 10.0.40219.1
Project("{54A90642-561A-4BB1-A94E-469ADEE60C69}") = "thl_battlepositioneditor", "THL_BattlePositionEditor\thl_battlepositioneditor.esproj", "{27065EFB-F285-45BB-90A4-AC60CE9D8614}"
EndProject
Global
	GlobalSection(SolutionConfigurationPlatforms) = preSolution
		Debug|Any CPU = Debug|Any CPU
		Release|Any CPU = Release|Any CPU
	EndGlobalSection
	GlobalSection(ProjectConfigurationPlatforms) = postSolution
		{27065EFB-F285-45BB-90A4-AC60CE9D8614}.Debug|Any CPU.ActiveCfg = Debug|Any CPU
		{27065EFB-F285-45BB-90A4-AC60CE9D8614}.Debug|Any CPU.Build.0 = Debug|Any CPU
		{27065EFB-F285-45BB-90A4-AC60CE9D8614}.Debug|Any CPU.Deploy.0 = Debug|Any CPU
		{27065EFB-F285-45BB-90A4-AC60CE9D8614}.Release|Any CPU.ActiveCfg = Release|Any CPU
		{27065EFB-F285-45BB-90A4-AC60CE9D8614}.Release|Any CPU.Build.0 = Release|Any CPU
		{27065EFB-F285-45BB-90A4-AC60CE9D8614}.Release|Any CPU.Deploy.0 = Release|Any CPU
	EndGlobalSection
	GlobalSection(SolutionProperties) = preSolution
		HideSolutionNode = FALSE
	EndGlobalSection
	GlobalSection(ExtensibilityGlobals) = postSolution
		SolutionGuid = {C3ACCC2D-9EDF-4E20-ACB1-B2F5AFB67ABC}
	EndGlobalSection
EndGlobal
